
Microsoft Visual Studio Solution File, Format Version 12.00
# Visual Studio Version 17
VisualStudioVersion = 17.1.32414.318
MinimumVisualStudioVersion = 10.0.40219.1
Project("{9A19103F-16F7-4668-BE54-9A1E7A4F7556}") = "TicTac.WebAPI", "TicTacWebAPI\TicTac.WebAPI.csproj", "{C14B4BB9-1833-4235-88FA-2BDC6AF6787D}"
EndProject
Project("{9A19103F-16F7-4668-BE54-9A1E7A4F7556}") = "TicTac.Tests", "TicTacWebAPIUnitTests\TicTac.Tests.csproj", "{076800FB-2055-4982-AA88-93538E3241D0}"
EndProject
Project("{FAE04EC0-301F-11D3-BF4B-00C04F79EFBC}") = "TicTac.Services", "TicTac.Services\TicTac.Services.csproj", "{EC3A54AE-B0C7-491B-BDAC-ADD7F2EBBF34}"
EndProject
Global
	GlobalSection(SolutionConfigurationPlatforms) = preSolution
		Debug|Any CPU = Debug|Any CPU
		Release|Any CPU = Release|Any CPU
	EndGlobalSection
	GlobalSection(ProjectConfigurationPlatforms) = postSolution
		{C14B4BB9-1833-4235-88FA-2BDC6AF6787D}.Debug|Any CPU.ActiveCfg = Debug|Any CPU
		{C14B4BB9-1833-4235-88FA-2BDC6AF6787D}.Debug|Any CPU.Build.0 = Debug|Any CPU
		{C14B4BB9-1833-4235-88FA-2BDC6AF6787D}.Release|Any CPU.ActiveCfg = Release|Any CPU
		{C14B4BB9-1833-4235-88FA-2BDC6AF6787D}.Release|Any CPU.Build.0 = Release|Any CPU
		{076800FB-2055-4982-AA88-93538E3241D0}.Debug|Any CPU.ActiveCfg = Debug|Any CPU
		{076800FB-2055-4982-AA88-93538E3241D0}.Debug|Any CPU.Build.0 = Debug|Any CPU
		{076800FB-2055-4982-AA88-93538E3241D0}.Release|Any CPU.ActiveCfg = Release|Any CPU
		{076800FB-2055-4982-AA88-93538E3241D0}.Release|Any CPU.Build.0 = Release|Any CPU
		{EC3A54AE-B0C7-491B-BDAC-ADD7F2EBBF34}.Debug|Any CPU.ActiveCfg = Debug|Any CPU
		{EC3A54AE-B0C7-491B-BDAC-ADD7F2EBBF34}.Debug|Any CPU.Build.0 = Debug|Any CPU
		{EC3A54AE-B0C7-491B-BDAC-ADD7F2EBBF34}.Release|Any CPU.ActiveCfg = Release|Any CPU
		{EC3A54AE-B0C7-491B-BDAC-ADD7F2EBBF34}.Release|Any CPU.Build.0 = Release|Any CPU
	EndGlobalSection
	GlobalSection(SolutionProperties) = preSolution
		HideSolutionNode = FALSE
	EndGlobalSection
	GlobalSection(ExtensibilityGlobals) = postSolution
		SolutionGuid = {8BC25D0D-B191-4426-A640-1A7FF620AE18}
	EndGlobalSection
EndGlobal
